// !$*UTF8*$!
{
	archiveVersion = 1;
	classes = {
	};
	objectVersion = 50;
	objects = {

/* Begin PBXBuildFile section */
		58B58B5996C09B3A41E0379C /* Pods_practice_Practice02Test.framework in Frameworks */ = {isa = PBXBuildFile; fileRef = 596453561130CA8EDA0AF181 /* Pods_practice_Practice02Test.framework */; };
		8A9977F33856C1B54118729D /* Pods_practice_Practice02.framework in Frameworks */ = {isa = PBXBuildFile; fileRef = D4D449430FF7FDB56CE3B21B /* Pods_practice_Practice02.framework */; };
		B617AB072227D62C00496AE1 /* AppDelegate.swift in Sources */ = {isa = PBXBuildFile; fileRef = B617AB062227D62C00496AE1 /* AppDelegate.swift */; };
		B617AB092227D62C00496AE1 /* ViewController.swift in Sources */ = {isa = PBXBuildFile; fileRef = B617AB082227D62C00496AE1 /* ViewController.swift */; };
		B617AB0C2227D62C00496AE1 /* Main.storyboard in Resources */ = {isa = PBXBuildFile; fileRef = B617AB0A2227D62C00496AE1 /* Main.storyboard */; };
		B617AB0E2227D62D00496AE1 /* Assets.xcassets in Resources */ = {isa = PBXBuildFile; fileRef = B617AB0D2227D62D00496AE1 /* Assets.xcassets */; };
		B617AB112227D62D00496AE1 /* LaunchScreen.storyboard in Resources */ = {isa = PBXBuildFile; fileRef = B617AB0F2227D62D00496AE1 /* LaunchScreen.storyboard */; };
		B617AB1C2227D72800496AE1 /* ViewController.swift in Sources */ = {isa = PBXBuildFile; fileRef = B617AB082227D62C00496AE1 /* ViewController.swift */; };
		B617AB1D2227D72800496AE1 /* AppDelegate.swift in Sources */ = {isa = PBXBuildFile; fileRef = B617AB062227D62C00496AE1 /* AppDelegate.swift */; };
		B617AB202227D72800496AE1 /* LaunchScreen.storyboard in Resources */ = {isa = PBXBuildFile; fileRef = B617AB0F2227D62D00496AE1 /* LaunchScreen.storyboard */; };
		B617AB212227D72800496AE1 /* Assets.xcassets in Resources */ = {isa = PBXBuildFile; fileRef = B617AB0D2227D62D00496AE1 /* Assets.xcassets */; };
		B617AB222227D72800496AE1 /* Main.storyboard in Resources */ = {isa = PBXBuildFile; fileRef = B617AB0A2227D62C00496AE1 /* Main.storyboard */; };
		B617AB2A2227D7A000496AE1 /* ViewController.swift in Sources */ = {isa = PBXBuildFile; fileRef = B617AB082227D62C00496AE1 /* ViewController.swift */; };
		B617AB2B2227D7A000496AE1 /* AppDelegate.swift in Sources */ = {isa = PBXBuildFile; fileRef = B617AB062227D62C00496AE1 /* AppDelegate.swift */; };
		B617AB2E2227D7A000496AE1 /* LaunchScreen.storyboard in Resources */ = {isa = PBXBuildFile; fileRef = B617AB0F2227D62D00496AE1 /* LaunchScreen.storyboard */; };
		B617AB2F2227D7A000496AE1 /* Assets.xcassets in Resources */ = {isa = PBXBuildFile; fileRef = B617AB0D2227D62D00496AE1 /* Assets.xcassets */; };
		B617AB302227D7A000496AE1 /* Main.storyboard in Resources */ = {isa = PBXBuildFile; fileRef = B617AB0A2227D62C00496AE1 /* Main.storyboard */; };
		C4A33E7BDA211318A189FCCF /* Pods_practice_Practice02Dev.framework in Frameworks */ = {isa = PBXBuildFile; fileRef = 24901A1207C7601B2DEE5703 /* Pods_practice_Practice02Dev.framework */; };
/* End PBXBuildFile section */

/* Begin PBXFileReference section */
		24901A1207C7601B2DEE5703 /* Pods_practice_Practice02Dev.framework */ = {isa = PBXFileReference; explicitFileType = wrapper.framework; includeInIndex = 0; path = Pods_practice_Practice02Dev.framework; sourceTree = BUILT_PRODUCTS_DIR; };
		45BFA6DE4F3B7BF1C7D21F67 /* Pods-practice-Practice02.release.xcconfig */ = {isa = PBXFileReference; includeInIndex = 1; lastKnownFileType = text.xcconfig; name = "Pods-practice-Practice02.release.xcconfig"; path = "Pods/Target Support Files/Pods-practice-Practice02/Pods-practice-Practice02.release.xcconfig"; sourceTree = "<group>"; };
		596453561130CA8EDA0AF181 /* Pods_practice_Practice02Test.framework */ = {isa = PBXFileReference; explicitFileType = wrapper.framework; includeInIndex = 0; path = Pods_practice_Practice02Test.framework; sourceTree = BUILT_PRODUCTS_DIR; };
		5DB0401C97914783CE76DB24 /* Pods-practice-Practice02Dev.release.xcconfig */ = {isa = PBXFileReference; includeInIndex = 1; lastKnownFileType = text.xcconfig; name = "Pods-practice-Practice02Dev.release.xcconfig"; path = "Pods/Target Support Files/Pods-practice-Practice02Dev/Pods-practice-Practice02Dev.release.xcconfig"; sourceTree = "<group>"; };
		7963BFD433E7132E0EA26F8A /* Pods-practice-Practice02Dev.debug.xcconfig */ = {isa = PBXFileReference; includeInIndex = 1; lastKnownFileType = text.xcconfig; name = "Pods-practice-Practice02Dev.debug.xcconfig"; path = "Pods/Target Support Files/Pods-practice-Practice02Dev/Pods-practice-Practice02Dev.debug.xcconfig"; sourceTree = "<group>"; };
		A6BB4A4C259830A8FFD04F89 /* Pods-practice-Practice02Test.release.xcconfig */ = {isa = PBXFileReference; includeInIndex = 1; lastKnownFileType = text.xcconfig; name = "Pods-practice-Practice02Test.release.xcconfig"; path = "Pods/Target Support Files/Pods-practice-Practice02Test/Pods-practice-Practice02Test.release.xcconfig"; sourceTree = "<group>"; };
		B617AB032227D62C00496AE1 /* Practice02.app */ = {isa = PBXFileReference; explicitFileType = wrapper.application; includeInIndex = 0; path = Practice02.app; sourceTree = BUILT_PRODUCTS_DIR; };
		B617AB062227D62C00496AE1 /* AppDelegate.swift */ = {isa = PBXFileReference; lastKnownFileType = sourcecode.swift; path = AppDelegate.swift; sourceTree = "<group>"; };
		B617AB082227D62C00496AE1 /* ViewController.swift */ = {isa = PBXFileReference; lastKnownFileType = sourcecode.swift; path = ViewController.swift; sourceTree = "<group>"; };
		B617AB0B2227D62C00496AE1 /* Base */ = {isa = PBXFileReference; lastKnownFileType = file.storyboard; name = Base; path = Base.lproj/Main.storyboard; sourceTree = "<group>"; };
		B617AB0D2227D62D00496AE1 /* Assets.xcassets */ = {isa = PBXFileReference; lastKnownFileType = folder.assetcatalog; path = Assets.xcassets; sourceTree = "<group>"; };
		B617AB102227D62D00496AE1 /* Base */ = {isa = PBXFileReference; lastKnownFileType = file.storyboard; name = Base; path = Base.lproj/LaunchScreen.storyboard; sourceTree = "<group>"; };
		B617AB122227D62D00496AE1 /* Info.plist */ = {isa = PBXFileReference; lastKnownFileType = text.plist.xml; path = Info.plist; sourceTree = "<group>"; };
		B617AB192227D6D800496AE1 /* Practice02-Brigding-Header.h */ = {isa = PBXFileReference; lastKnownFileType = sourcecode.c.h; path = "Practice02-Brigding-Header.h"; sourceTree = "<group>"; };
		B617AB262227D72800496AE1 /* Practice02Dev.app */ = {isa = PBXFileReference; explicitFileType = wrapper.application; includeInIndex = 0; path = Practice02Dev.app; sourceTree = BUILT_PRODUCTS_DIR; };
		B617AB342227D7A000496AE1 /* Practice02Test.app */ = {isa = PBXFileReference; explicitFileType = wrapper.application; includeInIndex = 0; path = Practice02Test.app; sourceTree = BUILT_PRODUCTS_DIR; };
		B617AB362227DA5700496AE1 /* InfoDev.plist */ = {isa = PBXFileReference; lastKnownFileType = text.plist.xml; path = InfoDev.plist; sourceTree = "<group>"; };
		B617AB372227DA5700496AE1 /* InfoTest.plist */ = {isa = PBXFileReference; lastKnownFileType = text.plist.xml; path = InfoTest.plist; sourceTree = "<group>"; };
		BEA817007D9508065B6D4F61 /* Pods-practice-Practice02.debug.xcconfig */ = {isa = PBXFileReference; includeInIndex = 1; lastKnownFileType = text.xcconfig; name = "Pods-practice-Practice02.debug.xcconfig"; path = "Pods/Target Support Files/Pods-practice-Practice02/Pods-practice-Practice02.debug.xcconfig"; sourceTree = "<group>"; };
		C0B1E99D39B86525DBDC7A08 /* Pods-practice-Practice02Test.debug.xcconfig */ = {isa = PBXFileReference; includeInIndex = 1; lastKnownFileType = text.xcconfig; name = "Pods-practice-Practice02Test.debug.xcconfig"; path = "Pods/Target Support Files/Pods-practice-Practice02Test/Pods-practice-Practice02Test.debug.xcconfig"; sourceTree = "<group>"; };
		D4D449430FF7FDB56CE3B21B /* Pods_practice_Practice02.framework */ = {isa = PBXFileReference; explicitFileType = wrapper.framework; includeInIndex = 0; path = Pods_practice_Practice02.framework; sourceTree = BUILT_PRODUCTS_DIR; };
/* End PBXFileReference section */

/* Begin PBXFrameworksBuildPhase section */
		B617AB002227D62C00496AE1 /* Frameworks */ = {
			isa = PBXFrameworksBuildPhase;
			buildActionMask = 2147483647;
			files = (
				8A9977F33856C1B54118729D /* Pods_practice_Practice02.framework in Frameworks */,
			);
			runOnlyForDeploymentPostprocessing = 0;
		};
		B617AB1E2227D72800496AE1 /* Frameworks */ = {
			isa = PBXFrameworksBuildPhase;
			buildActionMask = 2147483647;
			files = (
				C4A33E7BDA211318A189FCCF /* Pods_practice_Practice02Dev.framework in Frameworks */,
			);
			runOnlyForDeploymentPostprocessing = 0;
		};
		B617AB2C2227D7A000496AE1 /* Frameworks */ = {
			isa = PBXFrameworksBuildPhase;
			buildActionMask = 2147483647;
			files = (
				58B58B5996C09B3A41E0379C /* Pods_practice_Practice02Test.framework in Frameworks */,
			);
			runOnlyForDeploymentPostprocessing = 0;
		};
/* End PBXFrameworksBuildPhase section */

/* Begin PBXGroup section */
		48D99C889AEB9F3EF082F483 /* Frameworks */ = {
			isa = PBXGroup;
			children = (
				D4D449430FF7FDB56CE3B21B /* Pods_practice_Practice02.framework */,
				24901A1207C7601B2DEE5703 /* Pods_practice_Practice02Dev.framework */,
				596453561130CA8EDA0AF181 /* Pods_practice_Practice02Test.framework */,
			);
			name = Frameworks;
			sourceTree = "<group>";
		};
		B617AAFA2227D62C00496AE1 = {
			isa = PBXGroup;
			children = (
				B617AB052227D62C00496AE1 /* Practice02 */,
				B617AB042227D62C00496AE1 /* Products */,
				F321688689FCB2855BB7D5FD /* Pods */,
				48D99C889AEB9F3EF082F483 /* Frameworks */,
			);
			sourceTree = "<group>";
		};
		B617AB042227D62C00496AE1 /* Products */ = {
			isa = PBXGroup;
			children = (
				B617AB032227D62C00496AE1 /* Practice02.app */,
				B617AB262227D72800496AE1 /* Practice02Dev.app */,
				B617AB342227D7A000496AE1 /* Practice02Test.app */,
			);
			name = Products;
			sourceTree = "<group>";
		};
		B617AB052227D62C00496AE1 /* Practice02 */ = {
			isa = PBXGroup;
			children = (
				B617AB062227D62C00496AE1 /* AppDelegate.swift */,
				B617AB082227D62C00496AE1 /* ViewController.swift */,
				B617AB3E2227F5F900496AE1 /* Projects */,
				B617AB3A2227F5BD00496AE1 /* Macro */,
				B617AB182227D63900496AE1 /* Configure */,
			);
			path = Practice02;
			sourceTree = "<group>";
		};
		B617AB182227D63900496AE1 /* Configure */ = {
			isa = PBXGroup;
			children = (
				B617AB0A2227D62C00496AE1 /* Main.storyboard */,
				B617AB0D2227D62D00496AE1 /* Assets.xcassets */,
				B617AB0F2227D62D00496AE1 /* LaunchScreen.storyboard */,
				B617AB192227D6D800496AE1 /* Practice02-Brigding-Header.h */,
				B617AB122227D62D00496AE1 /* Info.plist */,
				B617AB362227DA5700496AE1 /* InfoDev.plist */,
				B617AB372227DA5700496AE1 /* InfoTest.plist */,
			);
			name = Configure;
			sourceTree = "<group>";
		};
		B617AB3A2227F5BD00496AE1 /* Macro */ = {
			isa = PBXGroup;
			children = (
				B617AB3D2227F5D800496AE1 /* Base */,
				B617AB3C2227F5D000496AE1 /* Public */,
				B617AB3B2227F5C600496AE1 /* Category */,
			);
			path = Macro;
			sourceTree = "<group>";
		};
		B617AB3B2227F5C600496AE1 /* Category */ = {
			isa = PBXGroup;
			children = (
			);
			path = Category;
			sourceTree = "<group>";
		};
		B617AB3C2227F5D000496AE1 /* Public */ = {
			isa = PBXGroup;
			children = (
			);
			path = Public;
			sourceTree = "<group>";
		};
		B617AB3D2227F5D800496AE1 /* Base */ = {
			isa = PBXGroup;
			children = (
			);
			path = Base;
			sourceTree = "<group>";
		};
		B617AB3E2227F5F900496AE1 /* Projects */ = {
			isa = PBXGroup;
			children = (
			);
			path = Projects;
			sourceTree = "<group>";
		};
		F321688689FCB2855BB7D5FD /* Pods */ = {
			isa = PBXGroup;
			children = (
				BEA817007D9508065B6D4F61 /* Pods-practice-Practice02.debug.xcconfig */,
				45BFA6DE4F3B7BF1C7D21F67 /* Pods-practice-Practice02.release.xcconfig */,
				7963BFD433E7132E0EA26F8A /* Pods-practice-Practice02Dev.debug.xcconfig */,
				5DB0401C97914783CE76DB24 /* Pods-practice-Practice02Dev.release.xcconfig */,
				C0B1E99D39B86525DBDC7A08 /* Pods-practice-Practice02Test.debug.xcconfig */,
				A6BB4A4C259830A8FFD04F89 /* Pods-practice-Practice02Test.release.xcconfig */,
			);
			name = Pods;
			sourceTree = "<group>";
		};
/* End PBXGroup section */

/* Begin PBXNativeTarget section */
		B617AB022227D62C00496AE1 /* Practice02 */ = {
			isa = PBXNativeTarget;
			buildConfigurationList = B617AB152227D62D00496AE1 /* Build configuration list for PBXNativeTarget "Practice02" */;
			buildPhases = (
				6E91B0D6991956178471B394 /* [CP] Check Pods Manifest.lock */,
				B617AAFF2227D62C00496AE1 /* Sources */,
				B617AB002227D62C00496AE1 /* Frameworks */,
				B617AB012227D62C00496AE1 /* Resources */,
				8FD04D435E467580872C3709 /* [CP] Embed Pods Frameworks */,
			);
			buildRules = (
			);
			dependencies = (
			);
			name = Practice02;
			productName = Practice02;
			productReference = B617AB032227D62C00496AE1 /* Practice02.app */;
			productType = "com.apple.product-type.application";
		};
		B617AB1A2227D72800496AE1 /* Practice02Dev */ = {
			isa = PBXNativeTarget;
			buildConfigurationList = B617AB232227D72800496AE1 /* Build configuration list for PBXNativeTarget "Practice02Dev" */;
			buildPhases = (
				2EABDA43F5F6A1B4FE29992E /* [CP] Check Pods Manifest.lock */,
				B617AB1B2227D72800496AE1 /* Sources */,
				B617AB1E2227D72800496AE1 /* Frameworks */,
				B617AB1F2227D72800496AE1 /* Resources */,
				14A5266AC147897B7A9C9564 /* [CP] Embed Pods Frameworks */,
			);
			buildRules = (
			);
			dependencies = (
			);
			name = Practice02Dev;
			productName = Practice02;
			productReference = B617AB262227D72800496AE1 /* Practice02Dev.app */;
			productType = "com.apple.product-type.application";
		};
		B617AB282227D7A000496AE1 /* Practice02Test */ = {
			isa = PBXNativeTarget;
			buildConfigurationList = B617AB312227D7A000496AE1 /* Build configuration list for PBXNativeTarget "Practice02Test" */;
			buildPhases = (
				B1D5BAE19B33757A420397B0 /* [CP] Check Pods Manifest.lock */,
				B617AB292227D7A000496AE1 /* Sources */,
				B617AB2C2227D7A000496AE1 /* Frameworks */,
				B617AB2D2227D7A000496AE1 /* Resources */,
				F5A23C7A0312922E85BDE163 /* [CP] Embed Pods Frameworks */,
			);
			buildRules = (
			);
			dependencies = (
			);
			name = Practice02Test;
			productName = Practice02;
			productReference = B617AB342227D7A000496AE1 /* Practice02Test.app */;
			productType = "com.apple.product-type.application";
		};
/* End PBXNativeTarget section */

/* Begin PBXProject section */
		B617AAFB2227D62C00496AE1 /* Project object */ = {
			isa = PBXProject;
			attributes = {
				LastSwiftUpdateCheck = 1010;
				LastUpgradeCheck = 1010;
				ORGANIZATIONNAME = "陈岩";
				TargetAttributes = {
					B617AB022227D62C00496AE1 = {
						CreatedOnToolsVersion = 10.1;
					};
				};
			};
			buildConfigurationList = B617AAFE2227D62C00496AE1 /* Build configuration list for PBXProject "Practice02" */;
			compatibilityVersion = "Xcode 9.3";
			developmentRegion = en;
			hasScannedForEncodings = 0;
			knownRegions = (
				en,
				Base,
			);
			mainGroup = B617AAFA2227D62C00496AE1;
			productRefGroup = B617AB042227D62C00496AE1 /* Products */;
			projectDirPath = "";
			projectRoot = "";
			targets = (
				B617AB022227D62C00496AE1 /* Practice02 */,
				B617AB1A2227D72800496AE1 /* Practice02Dev */,
				B617AB282227D7A000496AE1 /* Practice02Test */,
			);
		};
/* End PBXProject section */

/* Begin PBXResourcesBuildPhase section */
		B617AB012227D62C00496AE1 /* Resources */ = {
			isa = PBXResourcesBuildPhase;
			buildActionMask = 2147483647;
			files = (
				B617AB112227D62D00496AE1 /* LaunchScreen.storyboard in Resources */,
				B617AB0E2227D62D00496AE1 /* Assets.xcassets in Resources */,
				B617AB0C2227D62C00496AE1 /* Main.storyboard in Resources */,
			);
			runOnlyForDeploymentPostprocessing = 0;
		};
		B617AB1F2227D72800496AE1 /* Resources */ = {
			isa = PBXResourcesBuildPhase;
			buildActionMask = 2147483647;
			files = (
				B617AB202227D72800496AE1 /* LaunchScreen.storyboard in Resources */,
				B617AB212227D72800496AE1 /* Assets.xcassets in Resources */,
				B617AB222227D72800496AE1 /* Main.storyboard in Resources */,
			);
			runOnlyForDeploymentPostprocessing = 0;
		};
		B617AB2D2227D7A000496AE1 /* Resources */ = {
			isa = PBXResourcesBuildPhase;
			buildActionMask = 2147483647;
			files = (
				B617AB2E2227D7A000496AE1 /* LaunchScreen.storyboard in Resources */,
				B617AB2F2227D7A000496AE1 /* Assets.xcassets in Resources */,
				B617AB302227D7A000496AE1 /* Main.storyboard in Resources */,
			);
			runOnlyForDeploymentPostprocessing = 0;
		};
/* End PBXResourcesBuildPhase section */

/* Begin PBXShellScriptBuildPhase section */
		14A5266AC147897B7A9C9564 /* [CP] Embed Pods Frameworks */ = {
			isa = PBXShellScriptBuildPhase;
			buildActionMask = 2147483647;
			files = (
			);
			inputFileListPaths = (
			);
			inputPaths = (
				"${SRCROOT}/Pods/Target Support Files/Pods-practice-Practice02Dev/Pods-practice-Practice02Dev-frameworks.sh",
				"${BUILT_PRODUCTS_DIR}/Alamofire/Alamofire.framework",
				"${BUILT_PRODUCTS_DIR}/MJRefresh/MJRefresh.framework",
				"${BUILT_PRODUCTS_DIR}/RxAtomic/RxAtomic.framework",
				"${BUILT_PRODUCTS_DIR}/RxCocoa/RxCocoa.framework",
				"${BUILT_PRODUCTS_DIR}/RxSwift/RxSwift.framework",
				"${BUILT_PRODUCTS_DIR}/SDWebImage/SDWebImage.framework",
			);
			name = "[CP] Embed Pods Frameworks";
			outputFileListPaths = (
			);
			outputPaths = (
				"${TARGET_BUILD_DIR}/${FRAMEWORKS_FOLDER_PATH}/Alamofire.framework",
				"${TARGET_BUILD_DIR}/${FRAMEWORKS_FOLDER_PATH}/MJRefresh.framework",
				"${TARGET_BUILD_DIR}/${FRAMEWORKS_FOLDER_PATH}/RxAtomic.framework",
				"${TARGET_BUILD_DIR}/${FRAMEWORKS_FOLDER_PATH}/RxCocoa.framework",
				"${TARGET_BUILD_DIR}/${FRAMEWORKS_FOLDER_PATH}/RxSwift.framework",
				"${TARGET_BUILD_DIR}/${FRAMEWORKS_FOLDER_PATH}/SDWebImage.framework",
			);
			runOnlyForDeploymentPostprocessing = 0;
			shellPath = /bin/sh;
			shellScript = "\"${SRCROOT}/Pods/Target Support Files/Pods-practice-Practice02Dev/Pods-practice-Practice02Dev-frameworks.sh\"\n";
			showEnvVarsInLog = 0;
		};
		2EABDA43F5F6A1B4FE29992E /* [CP] Check Pods Manifest.lock */ = {
			isa = PBXShellScriptBuildPhase;
			buildActionMask = 2147483647;
			files = (
			);
			inputFileListPaths = (
			);
			inputPaths = (
				"${PODS_PODFILE_DIR_PATH}/Podfile.lock",
				"${PODS_ROOT}/Manifest.lock",
			);
			name = "[CP] Check Pods Manifest.lock";
			outputFileListPaths = (
			);
			outputPaths = (
				"$(DERIVED_FILE_DIR)/Pods-practice-Practice02Dev-checkManifestLockResult.txt",
			);
			runOnlyForDeploymentPostprocessing = 0;
			shellPath = /bin/sh;
			shellScript = "diff \"${PODS_PODFILE_DIR_PATH}/Podfile.lock\" \"${PODS_ROOT}/Manifest.lock\" > /dev/null\nif [ $? != 0 ] ; then\n    # print error to STDERR\n    echo \"error: The sandbox is not in sync with the Podfile.lock. Run 'pod install' or update your CocoaPods installation.\" >&2\n    exit 1\nfi\n# This output is used by Xcode 'outputs' to avoid re-running this script phase.\necho \"SUCCESS\" > \"${SCRIPT_OUTPUT_FILE_0}\"\n";
			showEnvVarsInLog = 0;
		};
		6E91B0D6991956178471B394 /* [CP] Check Pods Manifest.lock */ = {
			isa = PBXShellScriptBuildPhase;
			buildActionMask = 2147483647;
			files = (
			);
			inputFileListPaths = (
			);
			inputPaths = (
				"${PODS_PODFILE_DIR_PATH}/Podfile.lock",
				"${PODS_ROOT}/Manifest.lock",
			);
			name = "[CP] Check Pods Manifest.lock";
			outputFileListPaths = (
			);
			outputPaths = (
				"$(DERIVED_FILE_DIR)/Pods-practice-Practice02-checkManifestLockResult.txt",
			);
			runOnlyForDeploymentPostprocessing = 0;
			shellPath = /bin/sh;
			shellScript = "diff \"${PODS_PODFILE_DIR_PATH}/Podfile.lock\" \"${PODS_ROOT}/Manifest.lock\" > /dev/null\nif [ $? != 0 ] ; then\n    # print error to STDERR\n    echo \"error: The sandbox is not in sync with the Podfile.lock. Run 'pod install' or update your CocoaPods installation.\" >&2\n    exit 1\nfi\n# This output is used by Xcode 'outputs' to avoid re-running this script phase.\necho \"SUCCESS\" > \"${SCRIPT_OUTPUT_FILE_0}\"\n";
			showEnvVarsInLog = 0;
		};
		8FD04D435E467580872C3709 /* [CP] Embed Pods Frameworks */ = {
			isa = PBXShellScriptBuildPhase;
			buildActionMask = 2147483647;
			files = (
			);
			inputFileListPaths = (
			);
			inputPaths = (
				"${SRCROOT}/Pods/Target Support Files/Pods-practice-Practice02/Pods-practice-Practice02-frameworks.sh",
				"${BUILT_PRODUCTS_DIR}/Alamofire/Alamofire.framework",
				"${BUILT_PRODUCTS_DIR}/MJRefresh/MJRefresh.framework",
				"${BUILT_PRODUCTS_DIR}/RxAtomic/RxAtomic.framework",
				"${BUILT_PRODUCTS_DIR}/RxCocoa/RxCocoa.framework",
				"${BUILT_PRODUCTS_DIR}/RxSwift/RxSwift.framework",
				"${BUILT_PRODUCTS_DIR}/SDWebImage/SDWebImage.framework",
			);
			name = "[CP] Embed Pods Frameworks";
			outputFileListPaths = (
			);
			outputPaths = (
				"${TARGET_BUILD_DIR}/${FRAMEWORKS_FOLDER_PATH}/Alamofire.framework",
				"${TARGET_BUILD_DIR}/${FRAMEWORKS_FOLDER_PATH}/MJRefresh.framework",
				"${TARGET_BUILD_DIR}/${FRAMEWORKS_FOLDER_PATH}/RxAtomic.framework",
				"${TARGET_BUILD_DIR}/${FRAMEWORKS_FOLDER_PATH}/RxCocoa.framework",
				"${TARGET_BUILD_DIR}/${FRAMEWORKS_FOLDER_PATH}/RxSwift.framework",
				"${TARGET_BUILD_DIR}/${FRAMEWORKS_FOLDER_PATH}/SDWebImage.framework",
			);
			runOnlyForDeploymentPostprocessing = 0;
			shellPath = /bin/sh;
			shellScript = "\"${SRCROOT}/Pods/Target Support Files/Pods-practice-Practice02/Pods-practice-Practice02-frameworks.sh\"\n";
			showEnvVarsInLog = 0;
		};
		B1D5BAE19B33757A420397B0 /* [CP] Check Pods Manifest.lock */ = {
			isa = PBXShellScriptBuildPhase;
			buildActionMask = 2147483647;
			files = (
			);
			inputFileListPaths = (
			);
			inputPaths = (
				"${PODS_PODFILE_DIR_PATH}/Podfile.lock",
				"${PODS_ROOT}/Manifest.lock",
			);
			name = "[CP] Check Pods Manifest.lock";
			outputFileListPaths = (
			);
			outputPaths = (
				"$(DERIVED_FILE_DIR)/Pods-practice-Practice02Test-checkManifestLockResult.txt",
			);
			runOnlyForDeploymentPostprocessing = 0;
			shellPath = /bin/sh;
			shellScript = "diff \"${PODS_PODFILE_DIR_PATH}/Podfile.lock\" \"${PODS_ROOT}/Manifest.lock\" > /dev/null\nif [ $? != 0 ] ; then\n    # print error to STDERR\n    echo \"error: The sandbox is not in sync with the Podfile.lock. Run 'pod install' or update your CocoaPods installation.\" >&2\n    exit 1\nfi\n# This output is used by Xcode 'outputs' to avoid re-running this script phase.\necho \"SUCCESS\" > \"${SCRIPT_OUTPUT_FILE_0}\"\n";
			showEnvVarsInLog = 0;
		};
		F5A23C7A0312922E85BDE163 /* [CP] Embed Pods Frameworks */ = {
			isa = PBXShellScriptBuildPhase;
			buildActionMask = 2147483647;
			files = (
			);
			inputFileListPaths = (
			);
			inputPaths = (
				"${SRCROOT}/Pods/Target Support Files/Pods-practice-Practice02Test/Pods-practice-Practice02Test-frameworks.sh",
				"${BUILT_PRODUCTS_DIR}/Alamofire/Alamofire.framework",
				"${BUILT_PRODUCTS_DIR}/MJRefresh/MJRefresh.framework",
				"${BUILT_PRODUCTS_DIR}/RxAtomic/RxAtomic.framework",
				"${BUILT_PRODUCTS_DIR}/RxCocoa/RxCocoa.framework",
				"${BUILT_PRODUCTS_DIR}/RxSwift/RxSwift.framework",
				"${BUILT_PRODUCTS_DIR}/SDWebImage/SDWebImage.framework",
			);
			name = "[CP] Embed Pods Frameworks";
			outputFileListPaths = (
			);
			outputPaths = (
				"${TARGET_BUILD_DIR}/${FRAMEWORKS_FOLDER_PATH}/Alamofire.framework",
				"${TARGET_BUILD_DIR}/${FRAMEWORKS_FOLDER_PATH}/MJRefresh.framework",
				"${TARGET_BUILD_DIR}/${FRAMEWORKS_FOLDER_PATH}/RxAtomic.framework",
				"${TARGET_BUILD_DIR}/${FRAMEWORKS_FOLDER_PATH}/RxCocoa.framework",
				"${TARGET_BUILD_DIR}/${FRAMEWORKS_FOLDER_PATH}/RxSwift.framework",
				"${TARGET_BUILD_DIR}/${FRAMEWORKS_FOLDER_PATH}/SDWebImage.framework",
			);
			runOnlyForDeploymentPostprocessing = 0;
			shellPath = /bin/sh;
			shellScript = "\"${SRCROOT}/Pods/Target Support Files/Pods-practice-Practice02Test/Pods-practice-Practice02Test-frameworks.sh\"\n";
			showEnvVarsInLog = 0;
		};
/* End PBXShellScriptBuildPhase section */

/* Begin PBXSourcesBuildPhase section */
		B617AAFF2227D62C00496AE1 /* Sources */ = {
			isa = PBXSourcesBuildPhase;
			buildActionMask = 2147483647;
			files = (
				B617AB092227D62C00496AE1 /* ViewController.swift in Sources */,
				B617AB072227D62C00496AE1 /* AppDelegate.swift in Sources */,
			);
			runOnlyForDeploymentPostprocessing = 0;
		};
		B617AB1B2227D72800496AE1 /* Sources */ = {
			isa = PBXSourcesBuildPhase;
			buildActionMask = 2147483647;
			files = (
				B617AB1C2227D72800496AE1 /* ViewController.swift in Sources */,
				B617AB1D2227D72800496AE1 /* AppDelegate.swift in Sources */,
			);
			runOnlyForDeploymentPostprocessing = 0;
		};
		B617AB292227D7A000496AE1 /* Sources */ = {
			isa = PBXSourcesBuildPhase;
			buildActionMask = 2147483647;
			files = (
				B617AB2A2227D7A000496AE1 /* ViewController.swift in Sources */,
				B617AB2B2227D7A000496AE1 /* AppDelegate.swift in Sources */,
			);
			runOnlyForDeploymentPostprocessing = 0;
		};
/* End PBXSourcesBuildPhase section */

/* Begin PBXVariantGroup section */
		B617AB0A2227D62C00496AE1 /* Main.storyboard */ = {
			isa = PBXVariantGroup;
			children = (
				B617AB0B2227D62C00496AE1 /* Base */,
			);
			name = Main.storyboard;
			sourceTree = "<group>";
		};
		B617AB0F2227D62D00496AE1 /* LaunchScreen.storyboard */ = {
			isa = PBXVariantGroup;
			children = (
				B617AB102227D62D00496AE1 /* Base */,
			);
			name = LaunchScreen.storyboard;
			sourceTree = "<group>";
		};
/* End PBXVariantGroup section */

/* Begin XCBuildConfiguration section */
		B617AB132227D62D00496AE1 /* Debug */ = {
			isa = XCBuildConfiguration;
			buildSettings = {
				ALWAYS_SEARCH_USER_PATHS = NO;
				CLANG_ANALYZER_NONNULL = YES;
				CLANG_ANALYZER_NUMBER_OBJECT_CONVERSION = YES_AGGRESSIVE;
				CLANG_CXX_LANGUAGE_STANDARD = "gnu++14";
				CLANG_CXX_LIBRARY = "libc++";
				CLANG_ENABLE_MODULES = YES;
				CLANG_ENABLE_OBJC_ARC = YES;
				CLANG_ENABLE_OBJC_WEAK = YES;
				CLANG_WARN_BLOCK_CAPTURE_AUTORELEASING = YES;
				CLANG_WARN_BOOL_CONVERSION = YES;
				CLANG_WARN_COMMA = YES;
				CLANG_WARN_CONSTANT_CONVERSION = YES;
				CLANG_WARN_DEPRECATED_OBJC_IMPLEMENTATIONS = YES;
				CLANG_WARN_DIRECT_OBJC_ISA_USAGE = YES_ERROR;
				CLANG_WARN_DOCUMENTATION_COMMENTS = YES;
				CLANG_WARN_EMPTY_BODY = YES;
				CLANG_WARN_ENUM_CONVERSION = YES;
				CLANG_WARN_INFINITE_RECURSION = YES;
				CLANG_WARN_INT_CONVERSION = YES;
				CLANG_WARN_NON_LITERAL_NULL_CONVERSION = YES;
				CLANG_WARN_OBJC_IMPLICIT_RETAIN_SELF = YES;
				CLANG_WARN_OBJC_LITERAL_CONVERSION = YES;
				CLANG_WARN_OBJC_ROOT_CLASS = YES_ERROR;
				CLANG_WARN_RANGE_LOOP_ANALYSIS = YES;
				CLANG_WARN_STRICT_PROTOTYPES = YES;
				CLANG_WARN_SUSPICIOUS_MOVE = YES;
				CLANG_WARN_UNGUARDED_AVAILABILITY = YES_AGGRESSIVE;
				CLANG_WARN_UNREACHABLE_CODE = YES;
				CLANG_WARN__DUPLICATE_METHOD_MATCH = YES;
				CODE_SIGN_IDENTITY = "iPhone Developer";
				COPY_PHASE_STRIP = NO;
				DEBUG_INFORMATION_FORMAT = dwarf;
				ENABLE_STRICT_OBJC_MSGSEND = YES;
				ENABLE_TESTABILITY = YES;
				GCC_C_LANGUAGE_STANDARD = gnu11;
				GCC_DYNAMIC_NO_PIC = NO;
				GCC_NO_COMMON_BLOCKS = YES;
				GCC_OPTIMIZATION_LEVEL = 0;
				GCC_PREPROCESSOR_DEFINITIONS = (
					"DEBUG=1",
					"$(inherited)",
				);
				GCC_WARN_64_TO_32_BIT_CONVERSION = YES;
				GCC_WARN_ABOUT_RETURN_TYPE = YES_ERROR;
				GCC_WARN_UNDECLARED_SELECTOR = YES;
				GCC_WARN_UNINITIALIZED_AUTOS = YES_AGGRESSIVE;
				GCC_WARN_UNUSED_FUNCTION = YES;
				GCC_WARN_UNUSED_VARIABLE = YES;
				IPHONEOS_DEPLOYMENT_TARGET = 12.1;
				MTL_ENABLE_DEBUG_INFO = INCLUDE_SOURCE;
				MTL_FAST_MATH = YES;
				ONLY_ACTIVE_ARCH = YES;
				SDKROOT = iphoneos;
				SWIFT_ACTIVE_COMPILATION_CONDITIONS = DEBUG;
				SWIFT_OPTIMIZATION_LEVEL = "-Onone";
			};
			name = Debug;
		};
		B617AB142227D62D00496AE1 /* Release */ = {
			isa = XCBuildConfiguration;
			buildSettings = {
				ALWAYS_SEARCH_USER_PATHS = NO;
				CLANG_ANALYZER_NONNULL = YES;
				CLANG_ANALYZER_NUMBER_OBJECT_CONVERSION = YES_AGGRESSIVE;
				CLANG_CXX_LANGUAGE_STANDARD = "gnu++14";
				CLANG_CXX_LIBRARY = "libc++";
				CLANG_ENABLE_MODULES = YES;
				CLANG_ENABLE_OBJC_ARC = YES;
				CLANG_ENABLE_OBJC_WEAK = YES;
				CLANG_WARN_BLOCK_CAPTURE_AUTORELEASING = YES;
				CLANG_WARN_BOOL_CONVERSION = YES;
				CLANG_WARN_COMMA = YES;
				CLANG_WARN_CONSTANT_CONVERSION = YES;
				CLANG_WARN_DEPRECATED_OBJC_IMPLEMENTATIONS = YES;
				CLANG_WARN_DIRECT_OBJC_ISA_USAGE = YES_ERROR;
				CLANG_WARN_DOCUMENTATION_COMMENTS = YES;
				CLANG_WARN_EMPTY_BODY = YES;
				CLANG_WARN_ENUM_CONVERSION = YES;
				CLANG_WARN_INFINITE_RECURSION = YES;
				CLANG_WARN_INT_CONVERSION = YES;
				CLANG_WARN_NON_LITERAL_NULL_CONVERSION = YES;
				CLANG_WARN_OBJC_IMPLICIT_RETAIN_SELF = YES;
				CLANG_WARN_OBJC_LITERAL_CONVERSION = YES;
				CLANG_WARN_OBJC_ROOT_CLASS = YES_ERROR;
				CLANG_WARN_RANGE_LOOP_ANALYSIS = YES;
				CLANG_WARN_STRICT_PROTOTYPES = YES;
				CLANG_WARN_SUSPICIOUS_MOVE = YES;
				CLANG_WARN_UNGUARDED_AVAILABILITY = YES_AGGRESSIVE;
				CLANG_WARN_UNREACHABLE_CODE = YES;
				CLANG_WARN__DUPLICATE_METHOD_MATCH = YES;
				CODE_SIGN_IDENTITY = "iPhone Developer";
				COPY_PHASE_STRIP = NO;
				DEBUG_INFORMATION_FORMAT = "dwarf-with-dsym";
				ENABLE_NS_ASSERTIONS = NO;
				ENABLE_STRICT_OBJC_MSGSEND = YES;
				GCC_C_LANGUAGE_STANDARD = gnu11;
				GCC_NO_COMMON_BLOCKS = YES;
				GCC_WARN_64_TO_32_BIT_CONVERSION = YES;
				GCC_WARN_ABOUT_RETURN_TYPE = YES_ERROR;
				GCC_WARN_UNDECLARED_SELECTOR = YES;
				GCC_WARN_UNINITIALIZED_AUTOS = YES_AGGRESSIVE;
				GCC_WARN_UNUSED_FUNCTION = YES;
				GCC_WARN_UNUSED_VARIABLE = YES;
				IPHONEOS_DEPLOYMENT_TARGET = 12.1;
				MTL_ENABLE_DEBUG_INFO = NO;
				MTL_FAST_MATH = YES;
				SDKROOT = iphoneos;
				SWIFT_COMPILATION_MODE = wholemodule;
				SWIFT_OPTIMIZATION_LEVEL = "-O";
				VALIDATE_PRODUCT = YES;
			};
			name = Release;
		};
		B617AB162227D62D00496AE1 /* Debug */ = {
			isa = XCBuildConfiguration;
			baseConfigurationReference = BEA817007D9508065B6D4F61 /* Pods-practice-Practice02.debug.xcconfig */;
			buildSettings = {
				ASSETCATALOG_COMPILER_APPICON_NAME = AppIcon;
				ASSETCATALOG_COMPILER_LAUNCHIMAGE_NAME = LaunchImage;
				CODE_SIGN_STYLE = Automatic;
				INFOPLIST_FILE = Practice02/Info.plist;
				LD_RUNPATH_SEARCH_PATHS = (
					"$(inherited)",
					"@executable_path/Frameworks",
				);
				PRODUCT_BUNDLE_IDENTIFIER = qt.Practice02;
				PRODUCT_NAME = "$(TARGET_NAME)";
				SWIFT_OBJC_BRIDGING_HEADER = "$(SRCROOT)/Practice02/Practice02-Brigding-Header.h";
				SWIFT_VERSION = 4.2;
				TARGETED_DEVICE_FAMILY = "1,2";
			};
			name = Debug;
		};
		B617AB172227D62D00496AE1 /* Release */ = {
			isa = XCBuildConfiguration;
			baseConfigurationReference = 45BFA6DE4F3B7BF1C7D21F67 /* Pods-practice-Practice02.release.xcconfig */;
			buildSettings = {
				ASSETCATALOG_COMPILER_APPICON_NAME = AppIcon;
				ASSETCATALOG_COMPILER_LAUNCHIMAGE_NAME = LaunchImage;
				CODE_SIGN_STYLE = Automatic;
				INFOPLIST_FILE = Practice02/Info.plist;
				LD_RUNPATH_SEARCH_PATHS = (
					"$(inherited)",
					"@executable_path/Frameworks",
				);
				PRODUCT_BUNDLE_IDENTIFIER = qt.Practice02;
				PRODUCT_NAME = "$(TARGET_NAME)";
				SWIFT_OBJC_BRIDGING_HEADER = "$(SRCROOT)/Practice02/Practice02-Brigding-Header.h";
				SWIFT_VERSION = 4.2;
				TARGETED_DEVICE_FAMILY = "1,2";
			};
			name = Release;
		};
		B617AB242227D72800496AE1 /* Debug */ = {
			isa = XCBuildConfiguration;
			baseConfigurationReference = 7963BFD433E7132E0EA26F8A /* Pods-practice-Practice02Dev.debug.xcconfig */;
			buildSettings = {
				ASSETCATALOG_COMPILER_APPICON_NAME = AppIconDev;
				ASSETCATALOG_COMPILER_LAUNCHIMAGE_NAME = LaunchImageDev;
				CODE_SIGN_STYLE = Automatic;
				INFOPLIST_FILE = "$(SRCROOT)/Practice02/InfoDev.plist";
				LD_RUNPATH_SEARCH_PATHS = (
					"$(inherited)",
					"@executable_path/Frameworks",
				);
				OTHER_SWIFT_FLAGS = "-DPRACTICEDEV";
				PRODUCT_BUNDLE_IDENTIFIER = qt.Practice02Dev;
				PRODUCT_NAME = "$(TARGET_NAME)";
				SWIFT_OBJC_BRIDGING_HEADER = "$(SRCROOT)/Practice02/Practice02-Brigding-Header.h";
				SWIFT_VERSION = 4.2;
				TARGETED_DEVICE_FAMILY = "1,2";
			};
			name = Debug;
		};
		B617AB252227D72800496AE1 /* Release */ = {
			isa = XCBuildConfiguration;
			baseConfigurationReference = 5DB0401C97914783CE76DB24 /* Pods-practice-Practice02Dev.release.xcconfig */;
			buildSettings = {
				ASSETCATALOG_COMPILER_APPICON_NAME = AppIconDev;
				ASSETCATALOG_COMPILER_LAUNCHIMAGE_NAME = LaunchImageDev;
				CODE_SIGN_STYLE = Automatic;
				INFOPLIST_FILE = "$(SRCROOT)/Practice02/InfoDev.plist";
				LD_RUNPATH_SEARCH_PATHS = (
					"$(inherited)",
					"@executable_path/Frameworks",
				);
				OTHER_SWIFT_FLAGS = "-DPRACTICEDEV";
				PRODUCT_BUNDLE_IDENTIFIER = qt.Practice02Dev;
				PRODUCT_NAME = "$(TARGET_NAME)";
				SWIFT_OBJC_BRIDGING_HEADER = "$(SRCROOT)/Practice02/Practice02-Brigding-Header.h";
				SWIFT_VERSION = 4.2;
				TARGETED_DEVICE_FAMILY = "1,2";
			};
			name = Release;
		};
		B617AB322227D7A000496AE1 /* Debug */ = {
			isa = XCBuildConfiguration;
			baseConfigurationReference = C0B1E99D39B86525DBDC7A08 /* Pods-practice-Practice02Test.debug.xcconfig */;
			buildSettings = {
				ASSETCATALOG_COMPILER_APPICON_NAME = AppIconTest;
				CODE_SIGN_STYLE = Automatic;
				INFOPLIST_FILE = "$(SRCROOT)/Practice02/InfoTest.plist";
				LD_RUNPATH_SEARCH_PATHS = (
					"$(inherited)",
					"@executable_path/Frameworks",
				);
				OTHER_SWIFT_FLAGS = "-DPRACTICETEST";
				PRODUCT_BUNDLE_IDENTIFIER = qt.Practice02Test;
				PRODUCT_NAME = "$(TARGET_NAME)";
				SWIFT_OBJC_BRIDGING_HEADER = "$(SRCROOT)/Practice02/Practice02-Brigding-Header.h";
				SWIFT_VERSION = 4.2;
				TARGETED_DEVICE_FAMILY = "1,2";
			};
			name = Debug;
		};
		B617AB332227D7A000496AE1 /* Release */ = {
			isa = XCBuildConfiguration;
			baseConfigurationReference = A6BB4A4C259830A8FFD04F89 /* Pods-practice-Practice02Test.release.xcconfig */;
			buildSettings = {
				ASSETCATALOG_COMPILER_APPICON_NAME = AppIconTest;
				CODE_SIGN_STYLE = Automatic;
				INFOPLIST_FILE = "$(SRCROOT)/Practice02/InfoTest.plist";
				LD_RUNPATH_SEARCH_PATHS = (
					"$(inherited)",
					"@executable_path/Frameworks",
				);
				OTHER_SWIFT_FLAGS = "-DPRACTICETEST";
				PRODUCT_BUNDLE_IDENTIFIER = qt.Practice02Test;
				PRODUCT_NAME = "$(TARGET_NAME)";
				SWIFT_OBJC_BRIDGING_HEADER = "$(SRCROOT)/Practice02/Practice02-Brigding-Header.h";
				SWIFT_VERSION = 4.2;
				TARGETED_DEVICE_FAMILY = "1,2";
			};
			name = Release;
		};
/* End XCBuildConfiguration section */

/* Begin XCConfigurationList section */
		B617AAFE2227D62C00496AE1 /* Build configuration list for PBXProject "Practice02" */ = {
			isa = XCConfigurationList;
			buildConfigurations = (
				B617AB132227D62D00496AE1 /* Debug */,
				B617AB142227D62D00496AE1 /* Release */,
			);
			defaultConfigurationIsVisible = 0;
			defaultConfigurationName = Release;
		};
		B617AB152227D62D00496AE1 /* Build configuration list for PBXNativeTarget "Practice02" */ = {
			isa = XCConfigurationList;
			buildConfigurations = (
				B617AB162227D62D00496AE1 /* Debug */,
				B617AB172227D62D00496AE1 /* Release */,
			);
			defaultConfigurationIsVisible = 0;
			defaultConfigurationName = Release;
		};
		B617AB232227D72800496AE1 /* Build configuration list for PBXNativeTarget "Practice02Dev" */ = {
			isa = XCConfigurationList;
			buildConfigurations = (
				B617AB242227D72800496AE1 /* Debug */,
				B617AB252227D72800496AE1 /* Release */,
			);
			defaultConfigurationIsVisible = 0;
			defaultConfigurationName = Release;
		};
		B617AB312227D7A000496AE1 /* Build configuration list for PBXNativeTarget "Practice02Test" */ = {
			isa = XCConfigurationList;
			buildConfigurations = (
				B617AB322227D7A000496AE1 /* Debug */,
				B617AB332227D7A000496AE1 /* Release */,
			);
			defaultConfigurationIsVisible = 0;
			defaultConfigurationName = Release;
		};
/* End XCConfigurationList section */
	};
	rootObject = B617AAFB2227D62C00496AE1 /* Project object */;
}
